
Microsoft Visual Studio Solution File, Format Version 12.00
# Visual Studio Version 17
VisualStudioVersion = 17.2.32526.322
MinimumVisualStudioVersion = 10.0.40219.1
Project("{FAE04EC0-301F-11D3-BF4B-00C04F79EFBC}") = "4_function3", "4_function3\4_function3.csproj", "{64C8F2CB-8A32-4732-9B6A-106FC24B02A5}"
EndProject
Global
	GlobalSection(SolutionConfigurationPlatforms) = preSolution
		Debug|Any CPU = Debug|Any CPU
		Release|Any CPU = Release|Any CPU
	EndGlobalSection
	GlobalSection(ProjectConfigurationPlatforms) = postSolution
		{64C8F2CB-8A32-4732-9B6A-106FC24B02A5}.Debug|Any CPU.ActiveCfg = Debug|Any CPU
		{64C8F2CB-8A32-4732-9B6A-106FC24B02A5}.Debug|Any CPU.Build.0 = Debug|Any CPU
		{64C8F2CB-8A32-4732-9B6A-106FC24B02A5}.Release|Any CPU.ActiveCfg = Release|Any CPU
		{64C8F2CB-8A32-4732-9B6A-106FC24B02A5}.Release|Any CPU.Build.0 = Release|Any CPU
	EndGlobalSection
	GlobalSection(SolutionProperties) = preSolution
		HideSolutionNode = FALSE
	EndGlobalSection
	GlobalSection(ExtensibilityGlobals) = postSolution
		SolutionGuid = {E87DB84A-6609-44D2-B45E-D12FF9D02A67}
	EndGlobalSection
EndGlobal
